
Microsoft Visual Studio Solution File, Format Version 12.00
# Visual Studio 14
VisualStudioVersion = 14.0.25420.1
MinimumVisualStudioVersion = 10.0.40219.1
Project("{FAE04EC0-301F-11D3-BF4B-00C04F79EFBC}") = "WoWVoiceControl", "WoWVoiceControl\WoWVoiceControl.csproj", "{E9D6D814-DC1C-4058-BC66-20C288E4A047}"
EndProject
Global
	GlobalSection(SolutionConfigurationPlatforms) = preSolution
		Debug|Any CPU = Debug|Any CPU
		Release|Any CPU = Release|Any CPU
	EndGlobalSection
	GlobalSection(ProjectConfigurationPlatforms) = postSolution
		{E9D6D814-DC1C-4058-BC66-20C288E4A047}.Debug|Any CPU.ActiveCfg = Debug|Any CPU
		{E9D6D814-DC1C-4058-BC66-20C288E4A047}.Debug|Any CPU.Build.0 = Debug|Any CPU
		{E9D6D814-DC1C-4058-BC66-20C288E4A047}.Debug|Any CPU.Deploy.0 = Debug|Any CPU
		{E9D6D814-DC1C-4058-BC66-20C288E4A047}.Release|Any CPU.ActiveCfg = Release|Any CPU
		{E9D6D814-DC1C-4058-BC66-20C288E4A047}.Release|Any CPU.Build.0 = Release|Any CPU
	EndGlobalSection
	GlobalSection(SolutionProperties) = preSolution
		HideSolutionNode = FALSE
	EndGlobalSection
EndGlobal
